// !$*UTF8*$!
{
	archiveVersion = 1;
	classes = {
	};
	objectVersion = 77;
	objects = {

/* Begin PBXContainerItemProxy section */
		A5F28BDB2D13D562005768DB /* PBXContainerItemProxy */ = {
			isa = PBXContainerItemProxy;
			containerPortal = A5F28BC22D13D561005768DB /* Project object */;
			proxyType = 1;
			remoteGlobalIDString = A5F28BC92D13D561005768DB;
			remoteInfo = MultifunctionWatch;
		};
		A5F28BE52D13D562005768DB /* PBXContainerItemProxy */ = {
			isa = PBXContainerItemProxy;
			containerPortal = A5F28BC22D13D561005768DB /* Project object */;
			proxyType = 1;
			remoteGlobalIDString = A5F28BC92D13D561005768DB;
			remoteInfo = MultifunctionWatch;
		};
/* End PBXContainerItemProxy section */

/* Begin PBXFileReference section */
		A5F28BCA2D13D561005768DB /* MultifunctionWatch.app */ = {isa = PBXFileReference; explicitFileType = wrapper.application; includeInIndex = 0; path = MultifunctionWatch.app; sourceTree = BUILT_PRODUCTS_DIR; };
		A5F28BDA2D13D562005768DB /* MultifunctionWatchTests.xctest */ = {isa = PBXFileReference; explicitFileType = wrapper.cfbundle; includeInIndex = 0; path = MultifunctionWatchTests.xctest; sourceTree = BUILT_PRODUCTS_DIR; };
		A5F28BE42D13D562005768DB /* MultifunctionWatchUITests.xctest */ = {isa = PBXFileReference; explicitFileType = wrapper.cfbundle; includeInIndex = 0; path = MultifunctionWatchUITests.xctest; sourceTree = BUILT_PRODUCTS_DIR; };
/* End PBXFileReference section */

/* Begin PBXFileSystemSynchronizedRootGroup section */
		A5F28BCC2D13D561005768DB /* MultifunctionWatch */ = {
			isa = PBXFileSystemSynchronizedRootGroup;
			path = MultifunctionWatch;
			sourceTree = "<group>";
		};
		A5F28BDD2D13D562005768DB /* MultifunctionWatchTests */ = {
			isa = PBXFileSystemSynchronizedRootGroup;
			path = MultifunctionWatchTests;
			sourceTree = "<group>";
		};
		A5F28BE72D13D562005768DB /* MultifunctionWatchUITests */ = {
			isa = PBXFileSystemSynchronizedRootGroup;
			path = MultifunctionWatchUITests;
			sourceTree = "<group>";
		};
/* End PBXFileSystemSynchronizedRootGroup section */

/* Begin PBXFrameworksBuildPhase section */
		A5F28BC72D13D561005768DB /* Frameworks */ = {
			isa = PBXFrameworksBuildPhase;
			buildActionMask = 2147483647;
			files = (
			);
			runOnlyForDeploymentPostprocessing = 0;
		};
		A5F28BD72D13D562005768DB /* Frameworks */ = {
			isa = PBXFrameworksBuildPhase;
			buildActionMask = 2147483647;
			files = (
			);
			runOnlyForDeploymentPostprocessing = 0;
		};
		A5F28BE12D13D562005768DB /* Frameworks */ = {
			isa = PBXFrameworksBuildPhase;
			buildActionMask = 2147483647;
			files = (
			);
			runOnlyForDeploymentPostprocessing = 0;
		};
/* End PBXFrameworksBuildPhase section */

/* Begin PBXGroup section */
		A5F28BC12D13D561005768DB = {
			isa = PBXGroup;
			children = (
				A5F28BCC2D13D561005768DB /* MultifunctionWatch */,
				A5F28BDD2D13D562005768DB /* MultifunctionWatchTests */,
				A5F28BE72D13D562005768DB /* MultifunctionWatchUITests */,
				A5F28BCB2D13D561005768DB /* Products */,
			);
			sourceTree = "<group>";
		};
		A5F28BCB2D13D561005768DB /* Products */ = {
			isa = PBXGroup;
			children = (
				A5F28BCA2D13D561005768DB /* MultifunctionWatch.app */,
				A5F28BDA2D13D562005768DB /* MultifunctionWatchTests.xctest */,
				A5F28BE42D13D562005768DB /* MultifunctionWatchUITests.xctest */,
			);
			name = Products;
			sourceTree = "<group>";
		};
/* End PBXGroup section */

/* Begin PBXNativeTarget section */
		A5F28BC92D13D561005768DB /* MultifunctionWatch */ = {
			isa = PBXNativeTarget;
			buildConfigurationList = A5F28BEE2D13D562005768DB /* Build configuration list for PBXNativeTarget "MultifunctionWatch" */;
			buildPhases = (
				A5F28BC62D13D561005768DB /* Sources */,
				A5F28BC72D13D561005768DB /* Frameworks */,
				A5F28BC82D13D561005768DB /* Resources */,
			);
			buildRules = (
			);
			dependencies = (
			);
			fileSystemSynchronizedGroups = (
				A5F28BCC2D13D561005768DB /* MultifunctionWatch */,
			);
			name = MultifunctionWatch;
			packageProductDependencies = (
			);
			productName = MultifunctionWatch;
			productReference = A5F28BCA2D13D561005768DB /* MultifunctionWatch.app */;
			productType = "com.apple.product-type.application";
		};
		A5F28BD92D13D562005768DB /* MultifunctionWatchTests */ = {
			isa = PBXNativeTarget;
			buildConfigurationList = A5F28BF12D13D562005768DB /* Build configuration list for PBXNativeTarget "MultifunctionWatchTests" */;
			buildPhases = (
				A5F28BD62D13D562005768DB /* Sources */,
				A5F28BD72D13D562005768DB /* Frameworks */,
				A5F28BD82D13D562005768DB /* Resources */,
			);
			buildRules = (
			);
			dependencies = (
				A5F28BDC2D13D562005768DB /* PBXTargetDependency */,
			);
			fileSystemSynchronizedGroups = (
				A5F28BDD2D13D562005768DB /* MultifunctionWatchTests */,
			);
			name = MultifunctionWatchTests;
			packageProductDependencies = (
			);
			productName = MultifunctionWatchTests;
			productReference = A5F28BDA2D13D562005768DB /* MultifunctionWatchTests.xctest */;
			productType = "com.apple.product-type.bundle.unit-test";
		};
		A5F28BE32D13D562005768DB /* MultifunctionWatchUITests */ = {
			isa = PBXNativeTarget;
			buildConfigurationList = A5F28BF42D13D562005768DB /* Build configuration list for PBXNativeTarget "MultifunctionWatchUITests" */;
			buildPhases = (
				A5F28BE02D13D562005768DB /* Sources */,
				A5F28BE12D13D562005768DB /* Frameworks */,
				A5F28BE22D13D562005768DB /* Resources */,
			);
			buildRules = (
			);
			dependencies = (
				A5F28BE62D13D562005768DB /* PBXTargetDependency */,
			);
			fileSystemSynchronizedGroups = (
				A5F28BE72D13D562005768DB /* MultifunctionWatchUITests */,
			);
			name = MultifunctionWatchUITests;
			packageProductDependencies = (
			);
			productName = MultifunctionWatchUITests;
			productReference = A5F28BE42D13D562005768DB /* MultifunctionWatchUITests.xctest */;
			productType = "com.apple.product-type.bundle.ui-testing";
		};
/* End PBXNativeTarget section */

/* Begin PBXProject section */
		A5F28BC22D13D561005768DB /* Project object */ = {
			isa = PBXProject;
			attributes = {
				BuildIndependentTargetsInParallel = 1;
				LastSwiftUpdateCheck = 1620;
				LastUpgradeCheck = 1620;
				TargetAttributes = {
					A5F28BC92D13D561005768DB = {
						CreatedOnToolsVersion = 16.2;
					};
					A5F28BD92D13D562005768DB = {
						CreatedOnToolsVersion = 16.2;
						TestTargetID = A5F28BC92D13D561005768DB;
					};
					A5F28BE32D13D562005768DB = {
						CreatedOnToolsVersion = 16.2;
						TestTargetID = A5F28BC92D13D561005768DB;
					};
				};
			};
			buildConfigurationList = A5F28BC52D13D561005768DB /* Build configuration list for PBXProject "MultifunctionWatch" */;
			developmentRegion = en;
			hasScannedForEncodings = 0;
			knownRegions = (
				en,
				Base,
			);
			mainGroup = A5F28BC12D13D561005768DB;
			minimizedProjectReferenceProxies = 1;
			preferredProjectObjectVersion = 77;
			productRefGroup = A5F28BCB2D13D561005768DB /* Products */;
			projectDirPath = "";
			projectRoot = "";
			targets = (
				A5F28BC92D13D561005768DB /* MultifunctionWatch */,
				A5F28BD92D13D562005768DB /* MultifunctionWatchTests */,
				A5F28BE32D13D562005768DB /* MultifunctionWatchUITests */,
			);
		};
/* End PBXProject section */

/* Begin PBXResourcesBuildPhase section */
		A5F28BC82D13D561005768DB /* Resources */ = {
			isa = PBXResourcesBuildPhase;
			buildActionMask = 2147483647;
			files = (
			);
			runOnlyForDeploymentPostprocessing = 0;
		};
		A5F28BD82D13D562005768DB /* Resources */ = {
			isa = PBXResourcesBuildPhase;
			buildActionMask = 2147483647;
			files = (
			);
			runOnlyForDeploymentPostprocessing = 0;
		};
		A5F28BE22D13D562005768DB /* Resources */ = {
			isa = PBXResourcesBuildPhase;
			buildActionMask = 2147483647;
			files = (
			);
			runOnlyForDeploymentPostprocessing = 0;
		};
/* End PBXResourcesBuildPhase section */

/* Begin PBXSourcesBuildPhase section */
		A5F28BC62D13D561005768DB /* Sources */ = {
			isa = PBXSourcesBuildPhase;
			buildActionMask = 2147483647;
			files = (
			);
			runOnlyForDeploymentPostprocessing = 0;
		};
		A5F28BD62D13D562005768DB /* Sources */ = {
			isa = PBXSourcesBuildPhase;
			buildActionMask = 2147483647;
			files = (
			);
			runOnlyForDeploymentPostprocessing = 0;
		};
		A5F28BE02D13D562005768DB /* Sources */ = {
			isa = PBXSourcesBuildPhase;
			buildActionMask = 2147483647;
			files = (
			);
			runOnlyForDeploymentPostprocessing = 0;
		};
/* End PBXSourcesBuildPhase section */

/* Begin PBXTargetDependency section */
		A5F28BDC2D13D562005768DB /* PBXTargetDependency */ = {
			isa = PBXTargetDependency;
			target = A5F28BC92D13D561005768DB /* MultifunctionWatch */;
			targetProxy = A5F28BDB2D13D562005768DB /* PBXContainerItemProxy */;
		};
		A5F28BE62D13D562005768DB /* PBXTargetDependency */ = {
			isa = PBXTargetDependency;
			target = A5F28BC92D13D561005768DB /* MultifunctionWatch */;
			targetProxy = A5F28BE52D13D562005768DB /* PBXContainerItemProxy */;
		};
/* End PBXTargetDependency section */

/* Begin XCBuildConfiguration section */
		A5F28BEC2D13D562005768DB /* Debug */ = {
			isa = XCBuildConfiguration;
			buildSettings = {
				ALWAYS_SEARCH_USER_PATHS = NO;
				ASSETCATALOG_COMPILER_GENERATE_SWIFT_ASSET_SYMBOL_EXTENSIONS = YES;
				CLANG_ANALYZER_NONNULL = YES;
				CLANG_ANALYZER_NUMBER_OBJECT_CONVERSION = YES_AGGRESSIVE;
				CLANG_CXX_LANGUAGE_STANDARD = "gnu++20";
				CLANG_ENABLE_MODULES = YES;
				CLANG_ENABLE_OBJC_ARC = YES;
				CLANG_ENABLE_OBJC_WEAK = YES;
				CLANG_WARN_BLOCK_CAPTURE_AUTORELEASING = YES;
				CLANG_WARN_BOOL_CONVERSION = YES;
				CLANG_WARN_COMMA = YES;
				CLANG_WARN_CONSTANT_CONVERSION = YES;
				CLANG_WARN_DEPRECATED_OBJC_IMPLEMENTATIONS = YES;
				CLANG_WARN_DIRECT_OBJC_ISA_USAGE = YES_ERROR;
				CLANG_WARN_DOCUMENTATION_COMMENTS = YES;
				CLANG_WARN_EMPTY_BODY = YES;
				CLANG_WARN_ENUM_CONVERSION = YES;
				CLANG_WARN_INFINITE_RECURSION = YES;
				CLANG_WARN_INT_CONVERSION = YES;
				CLANG_WARN_NON_LITERAL_NULL_CONVERSION = YES;
				CLANG_WARN_OBJC_IMPLICIT_RETAIN_SELF = YES;
				CLANG_WARN_OBJC_LITERAL_CONVERSION = YES;
				CLANG_WARN_OBJC_ROOT_CLASS = YES_ERROR;
				CLANG_WARN_QUOTED_INCLUDE_IN_FRAMEWORK_HEADER = YES;
				CLANG_WARN_RANGE_LOOP_ANALYSIS = YES;
				CLANG_WARN_STRICT_PROTOTYPES = YES;
				CLANG_WARN_SUSPICIOUS_MOVE = YES;
				CLANG_WARN_UNGUARDED_AVAILABILITY = YES_AGGRESSIVE;
				CLANG_WARN_UNREACHABLE_CODE = YES;
				CLANG_WARN__DUPLICATE_METHOD_MATCH = YES;
				COPY_PHASE_STRIP = NO;
				DEBUG_INFORMATION_FORMAT = dwarf;
				ENABLE_STRICT_OBJC_MSGSEND = YES;
				ENABLE_TESTABILITY = YES;
				ENABLE_USER_SCRIPT_SANDBOXING = YES;
				GCC_C_LANGUAGE_STANDARD = gnu17;
				GCC_DYNAMIC_NO_PIC = NO;
				GCC_NO_COMMON_BLOCKS = YES;
				GCC_OPTIMIZATION_LEVEL = 0;
				GCC_PREPROCESSOR_DEFINITIONS = (
					"DEBUG=1",
					"$(inherited)",
				);
				GCC_WARN_64_TO_32_BIT_CONVERSION = YES;
				GCC_WARN_ABOUT_RETURN_TYPE = YES_ERROR;
				GCC_WARN_UNDECLARED_SELECTOR = YES;
				GCC_WARN_UNINITIALIZED_AUTOS = YES_AGGRESSIVE;
				GCC_WARN_UNUSED_FUNCTION = YES;
				GCC_WARN_UNUSED_VARIABLE = YES;
				IPHONEOS_DEPLOYMENT_TARGET = 18.2;
				LOCALIZATION_PREFERS_STRING_CATALOGS = YES;
				MTL_ENABLE_DEBUG_INFO = INCLUDE_SOURCE;
				MTL_FAST_MATH = YES;
				ONLY_ACTIVE_ARCH = YES;
				SDKROOT = iphoneos;
				SWIFT_ACTIVE_COMPILATION_CONDITIONS = "DEBUG $(inherited)";
				SWIFT_OPTIMIZATION_LEVEL = "-Onone";
			};
			name = Debug;
		};
		A5F28BED2D13D562005768DB /* Release */ = {
			isa = XCBuildConfiguration;
			buildSettings = {
				ALWAYS_SEARCH_USER_PATHS = NO;
				ASSETCATALOG_COMPILER_GENERATE_SWIFT_ASSET_SYMBOL_EXTENSIONS = YES;
				CLANG_ANALYZER_NONNULL = YES;
				CLANG_ANALYZER_NUMBER_OBJECT_CONVERSION = YES_AGGRESSIVE;
				CLANG_CXX_LANGUAGE_STANDARD = "gnu++20";
				CLANG_ENABLE_MODULES = YES;
				CLANG_ENABLE_OBJC_ARC = YES;
				CLANG_ENABLE_OBJC_WEAK = YES;
				CLANG_WARN_BLOCK_CAPTURE_AUTORELEASING = YES;
				CLANG_WARN_BOOL_CONVERSION = YES;
				CLANG_WARN_COMMA = YES;
				CLANG_WARN_CONSTANT_CONVERSION = YES;
				CLANG_WARN_DEPRECATED_OBJC_IMPLEMENTATIONS = YES;
				CLANG_WARN_DIRECT_OBJC_ISA_USAGE = YES_ERROR;
				CLANG_WARN_DOCUMENTATION_COMMENTS = YES;
				CLANG_WARN_EMPTY_BODY = YES;
				CLANG_WARN_ENUM_CONVERSION = YES;
				CLANG_WARN_INFINITE_RECURSION = YES;
				CLANG_WARN_INT_CONVERSION = YES;
				CLANG_WARN_NON_LITERAL_NULL_CONVERSION = YES;
				CLANG_WARN_OBJC_IMPLICIT_RETAIN_SELF = YES;
				CLANG_WARN_OBJC_LITERAL_CONVERSION = YES;
				CLANG_WARN_OBJC_ROOT_CLASS = YES_ERROR;
				CLANG_WARN_QUOTED_INCLUDE_IN_FRAMEWORK_HEADER = YES;
				CLANG_WARN_RANGE_LOOP_ANALYSIS = YES;
				CLANG_WARN_STRICT_PROTOTYPES = YES;
				CLANG_WARN_SUSPICIOUS_MOVE = YES;
				CLANG_WARN_UNGUARDED_AVAILABILITY = YES_AGGRESSIVE;
				CLANG_WARN_UNREACHABLE_CODE = YES;
				CLANG_WARN__DUPLICATE_METHOD_MATCH = YES;
				COPY_PHASE_STRIP = NO;
				DEBUG_INFORMATION_FORMAT = "dwarf-with-dsym";
				ENABLE_NS_ASSERTIONS = NO;
				ENABLE_STRICT_OBJC_MSGSEND = YES;
				ENABLE_USER_SCRIPT_SANDBOXING = YES;
				GCC_C_LANGUAGE_STANDARD = gnu17;
				GCC_NO_COMMON_BLOCKS = YES;
				GCC_WARN_64_TO_32_BIT_CONVERSION = YES;
				GCC_WARN_ABOUT_RETURN_TYPE = YES_ERROR;
				GCC_WARN_UNDECLARED_SELECTOR = YES;
				GCC_WARN_UNINITIALIZED_AUTOS = YES_AGGRESSIVE;
				GCC_WARN_UNUSED_FUNCTION = YES;
				GCC_WARN_UNUSED_VARIABLE = YES;
				IPHONEOS_DEPLOYMENT_TARGET = 18.2;
				LOCALIZATION_PREFERS_STRING_CATALOGS = YES;
				MTL_ENABLE_DEBUG_INFO = NO;
				MTL_FAST_MATH = YES;
				SDKROOT = iphoneos;
				SWIFT_COMPILATION_MODE = wholemodule;
				VALIDATE_PRODUCT = YES;
			};
			name = Release;
		};
		A5F28BEF2D13D562005768DB /* Debug */ = {
			isa = XCBuildConfiguration;
			buildSettings = {
				ASSETCATALOG_COMPILER_APPICON_NAME = AppIcon;
				ASSETCATALOG_COMPILER_GLOBAL_ACCENT_COLOR_NAME = AccentColor;
				CODE_SIGN_STYLE = Automatic;
				CURRENT_PROJECT_VERSION = 1;
				DEVELOPMENT_ASSET_PATHS = "\"MultifunctionWatch/Preview Content\"";
				ENABLE_PREVIEWS = YES;
				GENERATE_INFOPLIST_FILE = YES;
				INFOPLIST_KEY_UIApplicationSceneManifest_Generation = YES;
				INFOPLIST_KEY_UIApplicationSupportsIndirectInputEvents = YES;
				INFOPLIST_KEY_UILaunchScreen_Generation = YES;
				INFOPLIST_KEY_UISupportedInterfaceOrientations = "UIInterfaceOrientationLandscapeLeft UIInterfaceOrientationLandscapeRight";
				LD_RUNPATH_SEARCH_PATHS = (
					"$(inherited)",
					"@executable_path/Frameworks",
				);
				MARKETING_VERSION = 1.0;
				PRODUCT_BUNDLE_IDENTIFIER = "Swift-Biginner.MultifunctionWatch";
				PRODUCT_NAME = "$(TARGET_NAME)";
				SWIFT_EMIT_LOC_STRINGS = YES;
				SWIFT_VERSION = 5.0;
				TARGETED_DEVICE_FAMILY = "1,2";
			};
			name = Debug;
		};
		A5F28BF02D13D562005768DB /* Release */ = {
			isa = XCBuildConfiguration;
			buildSettings = {
				ASSETCATALOG_COMPILER_APPICON_NAME = AppIcon;
				ASSETCATALOG_COMPILER_GLOBAL_ACCENT_COLOR_NAME = AccentColor;
				CODE_SIGN_STYLE = Automatic;
				CURRENT_PROJECT_VERSION = 1;
				DEVELOPMENT_ASSET_PATHS = "\"MultifunctionWatch/Preview Content\"";
				ENABLE_PREVIEWS = YES;
				GENERATE_INFOPLIST_FILE = YES;
				INFOPLIST_KEY_UIApplicationSceneManifest_Generation = YES;
				INFOPLIST_KEY_UIApplicationSupportsIndirectInputEvents = YES;
				INFOPLIST_KEY_UILaunchScreen_Generation = YES;
				INFOPLIST_KEY_UISupportedInterfaceOrientations = "UIInterfaceOrientationLandscapeLeft UIInterfaceOrientationLandscapeRight";
				LD_RUNPATH_SEARCH_PATHS = (
					"$(inherited)",
					"@executable_path/Frameworks",
				);
				MARKETING_VERSION = 1.0;
				PRODUCT_BUNDLE_IDENTIFIER = "Swift-Biginner.MultifunctionWatch";
				PRODUCT_NAME = "$(TARGET_NAME)";
				SWIFT_EMIT_LOC_STRINGS = YES;
				SWIFT_VERSION = 5.0;
				TARGETED_DEVICE_FAMILY = "1,2";
			};
			name = Release;
		};
		A5F28BF22D13D562005768DB /* Debug */ = {
			isa = XCBuildConfiguration;
			buildSettings = {
				BUNDLE_LOADER = "$(TEST_HOST)";
				CODE_SIGN_STYLE = Automatic;
				CURRENT_PROJECT_VERSION = 1;
				GENERATE_INFOPLIST_FILE = YES;
				IPHONEOS_DEPLOYMENT_TARGET = 18.2;
				MARKETING_VERSION = 1.0;
				PRODUCT_BUNDLE_IDENTIFIER = "Swift-Biginner.MultifunctionWatchTests";
				PRODUCT_NAME = "$(TARGET_NAME)";
				SWIFT_EMIT_LOC_STRINGS = NO;
				SWIFT_VERSION = 5.0;
				TARGETED_DEVICE_FAMILY = "1,2";
				TEST_HOST = "$(BUILT_PRODUCTS_DIR)/MultifunctionWatch.app/$(BUNDLE_EXECUTABLE_FOLDER_PATH)/MultifunctionWatch";
			};
			name = Debug;
		};
		A5F28BF32D13D562005768DB /* Release */ = {
			isa = XCBuildConfiguration;
			buildSettings = {
				BUNDLE_LOADER = "$(TEST_HOST)";
				CODE_SIGN_STYLE = Automatic;
				CURRENT_PROJECT_VERSION = 1;
				GENERATE_INFOPLIST_FILE = YES;
				IPHONEOS_DEPLOYMENT_TARGET = 18.2;
				MARKETING_VERSION = 1.0;
				PRODUCT_BUNDLE_IDENTIFIER = "Swift-Biginner.MultifunctionWatchTests";
				PRODUCT_NAME = "$(TARGET_NAME)";
				SWIFT_EMIT_LOC_STRINGS = NO;
				SWIFT_VERSION = 5.0;
				TARGETED_DEVICE_FAMILY = "1,2";
				TEST_HOST = "$(BUILT_PRODUCTS_DIR)/MultifunctionWatch.app/$(BUNDLE_EXECUTABLE_FOLDER_PATH)/MultifunctionWatch";
			};
			name = Release;
		};
		A5F28BF52D13D562005768DB /* Debug */ = {
			isa = XCBuildConfiguration;
			buildSettings = {
				CODE_SIGN_STYLE = Automatic;
				CURRENT_PROJECT_VERSION = 1;
				GENERATE_INFOPLIST_FILE = YES;
				MARKETING_VERSION = 1.0;
				PRODUCT_BUNDLE_IDENTIFIER = "Swift-Biginner.MultifunctionWatchUITests";
				PRODUCT_NAME = "$(TARGET_NAME)";
				SWIFT_EMIT_LOC_STRINGS = NO;
				SWIFT_VERSION = 5.0;
				TARGETED_DEVICE_FAMILY = "1,2";
				TEST_TARGET_NAME = MultifunctionWatch;
			};
			name = Debug;
		};
		A5F28BF62D13D562005768DB /* Release */ = {
			isa = XCBuildConfiguration;
			buildSettings = {
				CODE_SIGN_STYLE = Automatic;
				CURRENT_PROJECT_VERSION = 1;
				GENERATE_INFOPLIST_FILE = YES;
				MARKETING_VERSION = 1.0;
				PRODUCT_BUNDLE_IDENTIFIER = "Swift-Biginner.MultifunctionWatchUITests";
				PRODUCT_NAME = "$(TARGET_NAME)";
				SWIFT_EMIT_LOC_STRINGS = NO;
				SWIFT_VERSION = 5.0;
				TARGETED_DEVICE_FAMILY = "1,2";
				TEST_TARGET_NAME = MultifunctionWatch;
			};
			name = Release;
		};
/* End XCBuildConfiguration section */

/* Begin XCConfigurationList section */
		A5F28BC52D13D561005768DB /* Build configuration list for PBXProject "MultifunctionWatch" */ = {
			isa = XCConfigurationList;
			buildConfigurations = (
				A5F28BEC2D13D562005768DB /* Debug */,
				A5F28BED2D13D562005768DB /* Release */,
			);
			defaultConfigurationIsVisible = 0;
			defaultConfigurationName = Release;
		};
		A5F28BEE2D13D562005768DB /* Build configuration list for PBXNativeTarget "MultifunctionWatch" */ = {
			isa = XCConfigurationList;
			buildConfigurations = (
				A5F28BEF2D13D562005768DB /* Debug */,
				A5F28BF02D13D562005768DB /* Release */,
			);
			defaultConfigurationIsVisible = 0;
			defaultConfigurationName = Release;
		};
		A5F28BF12D13D562005768DB /* Build configuration list for PBXNativeTarget "MultifunctionWatchTests" */ = {
			isa = XCConfigurationList;
			buildConfigurations = (
				A5F28BF22D13D562005768DB /* Debug */,
				A5F28BF32D13D562005768DB /* Release */,
			);
			defaultConfigurationIsVisible = 0;
			defaultConfigurationName = Release;
		};
		A5F28BF42D13D562005768DB /* Build configuration list for PBXNativeTarget "MultifunctionWatchUITests" */ = {
			isa = XCConfigurationList;
			buildConfigurations = (
				A5F28BF52D13D562005768DB /* Debug */,
				A5F28BF62D13D562005768DB /* Release */,
			);
			defaultConfigurationIsVisible = 0;
			defaultConfigurationName = Release;
		};
/* End XCConfigurationList section */
	};
	rootObject = A5F28BC22D13D561005768DB /* Project object */;
}
